{
  "version": 4,
  "terraform_version": "1.9.8",
  "serial": 6,
  "lineage": "41d8606c-6bc0-9c46-ea79-2fdf1680a16b",
  "outputs": {
    "IPaddresses": {
      "value": [
        "172.17.0.5",
        "172.17.0.6",
        "172.17.0.7"
      ],
      "type": [
        "tuple",
        [
          "string",
          "string",
          "string"
        ]
      ]
    },
    "container_name": {
      "value": [
        "nodereeeed-KaT2aU",
        "nodereeeed-KrwAv8",
        "nodereeeed-8yNucs"
      ],
      "type": [
        "tuple",
        [
          "string",
          "string",
          "string"
        ]
      ]
    },
    "container_names": {
      "value": [
        "nodereeeed-KaT2aU",
        "nodereeeed-KrwAv8",
        "nodereeeed-8yNucs"
      ],
      "type": [
        "tuple",
        [
          "string",
          "string",
          "string"
        ]
      ]
    }
  },
  "resources": [
    {
      "mode": "managed",
      "type": "docker_container",
      "name": "nodered",
      "provider": "provider[\"registry.terraform.io/kreuzwerker/docker\"]",
      "instances": [
        {
          "index_key": 0,
          "schema_version": 2,
          "attributes": {
            "attach": false,
            "bridge": "",
            "capabilities": [],
            "cgroupns_mode": null,
            "command": [],
            "container_logs": null,
            "container_read_refresh_timeout_milliseconds": 15000,
            "cpu_set": "",
            "cpu_shares": 0,
            "destroy_grace_seconds": null,
            "devices": [],
            "dns": null,
            "dns_opts": null,
            "dns_search": null,
            "domainname": "",
            "entrypoint": [
              "./entrypoint.sh"
            ],
            "env": [],
            "exit_code": null,
            "gpus": null,
            "group_add": null,
            "healthcheck": [
              {
                "interval": "0s",
                "retries": 0,
                "start_period": "0s",
                "test": [
                  "CMD-SHELL",
                  "node /healthcheck.js"
                ],
                "timeout": "0s"
              }
            ],
            "host": [],
            "hostname": "7a17c03576e8",
            "id": "7a17c03576e88773b2472fb3b8408362e0f2093bc0a20117faecb2207eb8aa30",
            "image": "sha256:f0eaaab327ecdd0c0798e6db649242affb6b6472be434a48ee7a71b16ab3f211",
            "init": false,
            "ipc_mode": "private",
            "labels": [],
            "log_driver": "json-file",
            "log_opts": null,
            "logs": false,
            "max_retry_count": 0,
            "memory": 0,
            "memory_swap": 0,
            "mounts": [],
            "must_run": true,
            "name": "nodereeeed-KaT2aU",
            "network_data": [
              {
                "gateway": "172.17.0.1",
                "global_ipv6_address": "",
                "global_ipv6_prefix_length": 0,
                "ip_address": "172.17.0.5",
                "ip_prefix_length": 16,
                "ipv6_gateway": "",
                "mac_address": "02:42:ac:11:00:05",
                "network_name": "bridge"
              }
            ],
            "network_mode": "bridge",
            "networks_advanced": [],
            "pid_mode": "",
            "ports": [
              {
                "external": 1980,
                "internal": 1880,
                "ip": "0.0.0.0",
                "protocol": "tcp"
              }
            ],
            "privileged": false,
            "publish_all_ports": false,
            "read_only": false,
            "remove_volumes": true,
            "restart": "no",
            "rm": false,
            "runtime": "runc",
            "security_opts": [],
            "shm_size": 64,
            "start": true,
            "stdin_open": false,
            "stop_signal": "",
            "stop_timeout": 0,
            "storage_opts": null,
            "sysctls": null,
            "tmpfs": null,
            "tty": false,
            "ulimit": [],
            "upload": [],
            "user": "node-red",
            "userns_mode": "",
            "volumes": [
              {
                "container_path": "/data",
                "from_container": "",
                "host_path": "C:/Users/ayman/mtc-terraform/myterra",
                "read_only": null,
                "volume_name": ""
              }
            ],
            "wait": false,
            "wait_timeout": 60,
            "working_dir": "/usr/src/node-red"
          },
          "sensitive_attributes": [],
          "private": "eyJzY2hlbWFfdmVyc2lvbiI6IjIifQ==",
          "dependencies": [
            "docker_image.nodered",
            "random_string.random"
          ]
        },
        {
          "index_key": 1,
          "schema_version": 2,
          "attributes": {
            "attach": false,
            "bridge": "",
            "capabilities": [],
            "cgroupns_mode": null,
            "command": [],
            "container_logs": null,
            "container_read_refresh_timeout_milliseconds": 15000,
            "cpu_set": "",
            "cpu_shares": 0,
            "destroy_grace_seconds": null,
            "devices": [],
            "dns": null,
            "dns_opts": null,
            "dns_search": null,
            "domainname": "",
            "entrypoint": [
              "./entrypoint.sh"
            ],
            "env": [],
            "exit_code": null,
            "gpus": null,
            "group_add": null,
            "healthcheck": [
              {
                "interval": "0s",
                "retries": 0,
                "start_period": "0s",
                "test": [
                  "CMD-SHELL",
                  "node /healthcheck.js"
                ],
                "timeout": "0s"
              }
            ],
            "host": [],
            "hostname": "ed31d9ef92a4",
            "id": "ed31d9ef92a48d0fd8488f7dbbcd6113dc18950688638deed63ddb19f0c1125d",
            "image": "sha256:f0eaaab327ecdd0c0798e6db649242affb6b6472be434a48ee7a71b16ab3f211",
            "init": false,
            "ipc_mode": "private",
            "labels": [],
            "log_driver": "json-file",
            "log_opts": null,
            "logs": false,
            "max_retry_count": 0,
            "memory": 0,
            "memory_swap": 0,
            "mounts": [],
            "must_run": true,
            "name": "nodereeeed-KrwAv8",
            "network_data": [
              {
                "gateway": "172.17.0.1",
                "global_ipv6_address": "",
                "global_ipv6_prefix_length": 0,
                "ip_address": "172.17.0.6",
                "ip_prefix_length": 16,
                "ipv6_gateway": "",
                "mac_address": "02:42:ac:11:00:06",
                "network_name": "bridge"
              }
            ],
            "network_mode": "bridge",
            "networks_advanced": [],
            "pid_mode": "",
            "ports": [
              {
                "external": 1981,
                "internal": 1880,
                "ip": "0.0.0.0",
                "protocol": "tcp"
              }
            ],
            "privileged": false,
            "publish_all_ports": false,
            "read_only": false,
            "remove_volumes": true,
            "restart": "no",
            "rm": false,
            "runtime": "runc",
            "security_opts": [],
            "shm_size": 64,
            "start": true,
            "stdin_open": false,
            "stop_signal": "",
            "stop_timeout": 0,
            "storage_opts": null,
            "sysctls": null,
            "tmpfs": null,
            "tty": false,
            "ulimit": [],
            "upload": [],
            "user": "node-red",
            "userns_mode": "",
            "volumes": [
              {
                "container_path": "/data",
                "from_container": "",
                "host_path": "C:/Users/ayman/mtc-terraform/myterra",
                "read_only": null,
                "volume_name": ""
              }
            ],
            "wait": false,
            "wait_timeout": 60,
            "working_dir": "/usr/src/node-red"
          },
          "sensitive_attributes": [],
          "private": "eyJzY2hlbWFfdmVyc2lvbiI6IjIifQ==",
          "dependencies": [
            "docker_image.nodered",
            "random_string.random"
          ]
        },
        {
          "index_key": 2,
          "schema_version": 2,
          "attributes": {
            "attach": false,
            "bridge": "",
            "capabilities": [],
            "cgroupns_mode": null,
            "command": [],
            "container_logs": null,
            "container_read_refresh_timeout_milliseconds": 15000,
            "cpu_set": "",
            "cpu_shares": 0,
            "destroy_grace_seconds": null,
            "devices": [],
            "dns": null,
            "dns_opts": null,
            "dns_search": null,
            "domainname": "",
            "entrypoint": [
              "./entrypoint.sh"
            ],
            "env": [],
            "exit_code": null,
            "gpus": null,
            "group_add": null,
            "healthcheck": [
              {
                "interval": "0s",
                "retries": 0,
                "start_period": "0s",
                "test": [
                  "CMD-SHELL",
                  "node /healthcheck.js"
                ],
                "timeout": "0s"
              }
            ],
            "host": [],
            "hostname": "4b842187ed93",
            "id": "4b842187ed935c9b49f9f337893a4233afdf8f7736e591d240383f0a7a646b29",
            "image": "sha256:f0eaaab327ecdd0c0798e6db649242affb6b6472be434a48ee7a71b16ab3f211",
            "init": false,
            "ipc_mode": "private",
            "labels": [],
            "log_driver": "json-file",
            "log_opts": null,
            "logs": false,
            "max_retry_count": 0,
            "memory": 0,
            "memory_swap": 0,
            "mounts": [],
            "must_run": true,
            "name": "nodereeeed-8yNucs",
            "network_data": [
              {
                "gateway": "172.17.0.1",
                "global_ipv6_address": "",
                "global_ipv6_prefix_length": 0,
                "ip_address": "172.17.0.7",
                "ip_prefix_length": 16,
                "ipv6_gateway": "",
                "mac_address": "02:42:ac:11:00:07",
                "network_name": "bridge"
              }
            ],
            "network_mode": "bridge",
            "networks_advanced": [],
            "pid_mode": "",
            "ports": [
              {
                "external": 1982,
                "internal": 1880,
                "ip": "0.0.0.0",
                "protocol": "tcp"
              }
            ],
            "privileged": false,
            "publish_all_ports": false,
            "read_only": false,
            "remove_volumes": true,
            "restart": "no",
            "rm": false,
            "runtime": "runc",
            "security_opts": [],
            "shm_size": 64,
            "start": true,
            "stdin_open": false,
            "stop_signal": "",
            "stop_timeout": 0,
            "storage_opts": null,
            "sysctls": null,
            "tmpfs": null,
            "tty": false,
            "ulimit": [],
            "upload": [],
            "user": "node-red",
            "userns_mode": "",
            "volumes": [
              {
                "container_path": "/data",
                "from_container": "",
                "host_path": "C:/Users/ayman/mtc-terraform/myterra",
                "read_only": null,
                "volume_name": ""
              }
            ],
            "wait": false,
            "wait_timeout": 60,
            "working_dir": "/usr/src/node-red"
          },
          "sensitive_attributes": [],
          "private": "eyJzY2hlbWFfdmVyc2lvbiI6IjIifQ==",
          "dependencies": [
            "docker_image.nodered",
            "random_string.random"
          ]
        }
      ]
    },
    {
      "mode": "managed",
      "type": "docker_image",
      "name": "nodered",
      "provider": "provider[\"registry.terraform.io/kreuzwerker/docker\"]",
      "instances": [
        {
          "schema_version": 0,
          "attributes": {
            "build": [],
            "force_remove": null,
            "id": "sha256:f0eaaab327ecdd0c0798e6db649242affb6b6472be434a48ee7a71b16ab3f211nodered/node-red:latest-minimal",
            "image_id": "sha256:f0eaaab327ecdd0c0798e6db649242affb6b6472be434a48ee7a71b16ab3f211",
            "keep_locally": null,
            "name": "nodered/node-red:latest-minimal",
            "platform": null,
            "pull_triggers": null,
            "repo_digest": "nodered/node-red@sha256:5c68a20bdfdc84a1f0298183909288850066ebd09a47bb039a19fd0fd334ccad",
            "triggers": null
          },
          "sensitive_attributes": [],
          "private": "bnVsbA=="
        }
      ]
    },
    {
      "mode": "managed",
      "type": "random_string",
      "name": "random",
      "provider": "provider[\"registry.terraform.io/hashicorp/random\"]",
      "instances": [
        {
          "index_key": 0,
          "schema_version": 2,
          "attributes": {
            "id": "KaT2aU",
            "keepers": null,
            "length": 6,
            "lower": true,
            "min_lower": 0,
            "min_numeric": 0,
            "min_special": 0,
            "min_upper": 0,
            "number": true,
            "numeric": true,
            "override_special": null,
            "result": "KaT2aU",
            "special": false,
            "upper": true
          },
          "sensitive_attributes": []
        },
        {
          "index_key": 1,
          "schema_version": 2,
          "attributes": {
            "id": "KrwAv8",
            "keepers": null,
            "length": 6,
            "lower": true,
            "min_lower": 0,
            "min_numeric": 0,
            "min_special": 0,
            "min_upper": 0,
            "number": true,
            "numeric": true,
            "override_special": null,
            "result": "KrwAv8",
            "special": false,
            "upper": true
          },
          "sensitive_attributes": []
        },
        {
          "index_key": 2,
          "schema_version": 2,
          "attributes": {
            "id": "8yNucs",
            "keepers": null,
            "length": 6,
            "lower": true,
            "min_lower": 0,
            "min_numeric": 0,
            "min_special": 0,
            "min_upper": 0,
            "number": true,
            "numeric": true,
            "override_special": null,
            "result": "8yNucs",
            "special": false,
            "upper": true
          },
          "sensitive_attributes": []
        }
      ]
    }
  ],
  "check_results": [
    {
      "object_kind": "var",
      "config_addr": "var.external_port",
      "status": "pass",
      "objects": [
        {
          "object_addr": "var.external_port",
          "status": "pass"
        }
      ]
    }
  ]
}
